# This file was autogenerated by Stack.
# You should not edit this file by hand.
# For more information, please see the documentation at:
#   https://docs.haskellstack.org/en/stable/lock_files

packages:
- completed:
    hackage: ghc-lib-parser-9.2.3.20220709@sha256:c50fbbb5d1095dcc916f7dac7336d4a373077aca0e02a5c5ea16bffb5e61c931,12741
    pantry-tree:
      size: 27633
      sha256: 7c6c4e8bd59d618cac964d9f838005c61ec02bd533f2152d07272da21c939dd7
  original:
    hackage: ghc-lib-parser-9.2.3.20220709@sha256:c50fbbb5d1095dcc916f7dac7336d4a373077aca0e02a5c5ea16bffb5e61c931,12741
- completed:
    hackage: ghc-lib-parser-ex-9.2.1.0@sha256:cf9082b394e67f3396d0dd7c5d14e3aa43d95efbb74e75d51905f32f694f6523,3493
    pantry-tree:
      size: 1954
      sha256: 2dd58a06c4082e5e00f8b2c860305436de746166676571df00aa390a75be38c9
  original:
    hackage: ghc-lib-parser-ex-9.2.1.0@sha256:cf9082b394e67f3396d0dd7c5d14e3aa43d95efbb74e75d51905f32f694f6523,3493
snapshots:
- completed:
    size: 618951
    url: https://raw.githubusercontent.com/commercialhaskell/stackage-snapshots/master/lts/19/14.yaml
    sha256: 4c31d4ef975b0211078862566aedf3b82b6cea569fc2cde4c72a51e5a8d236ce
  original:
    url: https://raw.githubusercontent.com/commercialhaskell/stackage-snapshots/master/lts/19/14.yaml
